{
  "name": "mockjs5",
  "version": "1.0.0",
  "lockfileVersion": 2,
  "requires": true,
  "packages": {
    "": {
      "name": "mockjs5",
      "version": "1.0.0",
      "license": "MIT",
      "dependencies": {
        "apipost-mock": "^1.0.2",
        "idcard": "^4.1.1",
        "lodash": "^4.17.21",
        "uuid": "^9.0.1"
      }
    },
    "node_modules/apipost-mock": {
      "version": "1.0.2",
      "resolved": "https://registry.npmjs.org/apipost-mock/-/apipost-mock-1.0.2.tgz",
      "integrity": "sha512-eC/OtJpAT5IR2f20sx4u4J6KGGo8Kc8eJSzeCTGPv2sacqGFPnNUgl0XucWdJSea2GmGRap/FUky28HTiJzfyA=="
    },
    "node_modules/idcard": {
      "version": "4.1.1",
      "resolved": "https://registry.npmjs.org/idcard/-/idcard-4.1.1.tgz",
      "integrity": "sha512-IfuWI1bI/IohizSggg8xxXdJ3qID2yW6eUlHf3XEmB0+iBEab8BQky9lU2UVLv7BjmDxYbA8kjXTR3G3l8yj5g=="
    },
    "node_modules/lodash": {
      "version": "4.17.21",
      "resolved": "https://registry.npmjs.org/lodash/-/lodash-4.17.21.tgz",
      "integrity": "sha512-v2kDEe57lecTulaDIuNTPy3Ry4gLGJ6Z1O3vE1krgXZNrsQ+LFTGHVxVjcXPs17LhbZVGedAJv8XZ1tvj5FvSg=="
    },
    "node_modules/uuid": {
      "version": "9.0.1",
      "resolved": "https://registry.npmjs.org/uuid/-/uuid-9.0.1.tgz",
      "integrity": "sha512-b+1eJOlsR9K8HJpow9Ok3fiWOWSIcIzXodvv0rQjVoOVNpWMpxf1wZNpt4y9h10odCNrqnYp1OBzRktckBe3sA==",
      "funding": [
        "https://github.com/sponsors/broofa",
        "https://github.com/sponsors/ctavan"
      ],
      "bin": {
        "uuid": "dist/bin/uuid"
      }
    }
  },
  "dependencies": {
    "apipost-mock": {
      "version": "1.0.2",
      "resolved": "https://registry.npmjs.org/apipost-mock/-/apipost-mock-1.0.2.tgz",
      "integrity": "sha512-eC/OtJpAT5IR2f20sx4u4J6KGGo8Kc8eJSzeCTGPv2sacqGFPnNUgl0XucWdJSea2GmGRap/FUky28HTiJzfyA=="
    },
    "idcard": {
      "version": "4.1.1",
      "resolved": "https://registry.npmjs.org/idcard/-/idcard-4.1.1.tgz",
      "integrity": "sha512-IfuWI1bI/IohizSggg8xxXdJ3qID2yW6eUlHf3XEmB0+iBEab8BQky9lU2UVLv7BjmDxYbA8kjXTR3G3l8yj5g=="
    },
    "lodash": {
      "version": "4.17.21",
      "resolved": "https://registry.npmjs.org/lodash/-/lodash-4.17.21.tgz",
      "integrity": "sha512-v2kDEe57lecTulaDIuNTPy3Ry4gLGJ6Z1O3vE1krgXZNrsQ+LFTGHVxVjcXPs17LhbZVGedAJv8XZ1tvj5FvSg=="
    },
    "uuid": {
      "version": "9.0.1",
      "resolved": "https://registry.npmjs.org/uuid/-/uuid-9.0.1.tgz",
      "integrity": "sha512-b+1eJOlsR9K8HJpow9Ok3fiWOWSIcIzXodvv0rQjVoOVNpWMpxf1wZNpt4y9h10odCNrqnYp1OBzRktckBe3sA=="
    }
  }
}
